
Microsoft Visual Studio Solution File, Format Version 12.00
# Visual Studio Version 17
VisualStudioVersion = 17.9.34616.47
MinimumVisualStudioVersion = 10.0.40219.1
Project("{FAE04EC0-301F-11D3-BF4B-00C04F79EFBC}") = "CRUD Sederhana", "CRUD Sederhana.csproj", "{D5C37E7B-E338-4855-BC9A-A24978BDCDF6}"
EndProject
Global
	GlobalSection(SolutionConfigurationPlatforms) = preSolution
		Debug|Any CPU = Debug|Any CPU
		Release|Any CPU = Release|Any CPU
	EndGlobalSection
	GlobalSection(ProjectConfigurationPlatforms) = postSolution
		{D5C37E7B-E338-4855-BC9A-A24978BDCDF6}.Debug|Any CPU.ActiveCfg = Debug|Any CPU
		{D5C37E7B-E338-4855-BC9A-A24978BDCDF6}.Debug|Any CPU.Build.0 = Debug|Any CPU
		{D5C37E7B-E338-4855-BC9A-A24978BDCDF6}.Release|Any CPU.ActiveCfg = Release|Any CPU
		{D5C37E7B-E338-4855-BC9A-A24978BDCDF6}.Release|Any CPU.Build.0 = Release|Any CPU
	EndGlobalSection
	GlobalSection(SolutionProperties) = preSolution
		HideSolutionNode = FALSE
	EndGlobalSection
	GlobalSection(ExtensibilityGlobals) = postSolution
		SolutionGuid = {4CEA47CB-0777-4419-8CE4-1377C509B9BC}
	EndGlobalSection
EndGlobal
